// !$*UTF8*$!
{
	archiveVersion = 1;
	classes = {
	};
	objectVersion = 46;
	objects = {

/* Begin PBXBuildFile section */
		7A8FB0A41D9F7F02009F31E5 /* main.m in Sources */ = {isa = PBXBuildFile; fileRef = 7A8FB0A31D9F7F02009F31E5 /* main.m */; };
		7A8FB0A71D9F7F02009F31E5 /* AppDelegate.m in Sources */ = {isa = PBXBuildFile; fileRef = 7A8FB0A61D9F7F02009F31E5 /* AppDelegate.m */; };
		7A8FB0AA1D9F7F02009F31E5 /* ViewController.m in Sources */ = {isa = PBXBuildFile; fileRef = 7A8FB0A91D9F7F02009F31E5 /* ViewController.m */; };
		7A8FB0AD1D9F7F02009F31E5 /* Main.storyboard in Resources */ = {isa = PBXBuildFile; fileRef = 7A8FB0AB1D9F7F02009F31E5 /* Main.storyboard */; };
		7A8FB0AF1D9F7F02009F31E5 /* Assets.xcassets in Resources */ = {isa = PBXBuildFile; fileRef = 7A8FB0AE1D9F7F02009F31E5 /* Assets.xcassets */; };
		7A8FB0B21D9F7F02009F31E5 /* LaunchScreen.storyboard in Resources */ = {isa = PBXBuildFile; fileRef = 7A8FB0B01D9F7F02009F31E5 /* LaunchScreen.storyboard */; };
		7A8FB0BD1D9F7F02009F31E5 /* zc_caipiaoTests.m in Sources */ = {isa = PBXBuildFile; fileRef = 7A8FB0BC1D9F7F02009F31E5 /* zc_caipiaoTests.m */; };
		7A8FB0C81D9F7F02009F31E5 /* zc_caipiaoUITests.m in Sources */ = {isa = PBXBuildFile; fileRef = 7A8FB0C71D9F7F02009F31E5 /* zc_caipiaoUITests.m */; };
/* End PBXBuildFile section */

/* Begin PBXContainerItemProxy section */
		7A8FB0B91D9F7F02009F31E5 /* PBXContainerItemProxy */ = {
			isa = PBXContainerItemProxy;
			containerPortal = 7A8FB0971D9F7F02009F31E5 /* Project object */;
			proxyType = 1;
			remoteGlobalIDString = 7A8FB09E1D9F7F02009F31E5;
			remoteInfo = zc_caipiao;
		};
		7A8FB0C41D9F7F02009F31E5 /* PBXContainerItemProxy */ = {
			isa = PBXContainerItemProxy;
			containerPortal = 7A8FB0971D9F7F02009F31E5 /* Project object */;
			proxyType = 1;
			remoteGlobalIDString = 7A8FB09E1D9F7F02009F31E5;
			remoteInfo = zc_caipiao;
		};
/* End PBXContainerItemProxy section */

/* Begin PBXFileReference section */
		7A8FB09F1D9F7F02009F31E5 /* zc_caipiao.app */ = {isa = PBXFileReference; explicitFileType = wrapper.application; includeInIndex = 0; path = zc_caipiao.app; sourceTree = BUILT_PRODUCTS_DIR; };
		7A8FB0A31D9F7F02009F31E5 /* main.m */ = {isa = PBXFileReference; lastKnownFileType = sourcecode.c.objc; path = main.m; sourceTree = "<group>"; };
		7A8FB0A51D9F7F02009F31E5 /* AppDelegate.h */ = {isa = PBXFileReference; lastKnownFileType = sourcecode.c.h; path = AppDelegate.h; sourceTree = "<group>"; };
		7A8FB0A61D9F7F02009F31E5 /* AppDelegate.m */ = {isa = PBXFileReference; lastKnownFileType = sourcecode.c.objc; path = AppDelegate.m; sourceTree = "<group>"; };
		7A8FB0A81D9F7F02009F31E5 /* ViewController.h */ = {isa = PBXFileReference; lastKnownFileType = sourcecode.c.h; path = ViewController.h; sourceTree = "<group>"; };
		7A8FB0A91D9F7F02009F31E5 /* ViewController.m */ = {isa = PBXFileReference; lastKnownFileType = sourcecode.c.objc; path = ViewController.m; sourceTree = "<group>"; };
		7A8FB0AC1D9F7F02009F31E5 /* Base */ = {isa = PBXFileReference; lastKnownFileType = file.storyboard; name = Base; path = Base.lproj/Main.storyboard; sourceTree = "<group>"; };
		7A8FB0AE1D9F7F02009F31E5 /* Assets.xcassets */ = {isa = PBXFileReference; lastKnownFileType = folder.assetcatalog; path = Assets.xcassets; sourceTree = "<group>"; };
		7A8FB0B11D9F7F02009F31E5 /* Base */ = {isa = PBXFileReference; lastKnownFileType = file.storyboard; name = Base; path = Base.lproj/LaunchScreen.storyboard; sourceTree = "<group>"; };
		7A8FB0B31D9F7F02009F31E5 /* Info.plist */ = {isa = PBXFileReference; lastKnownFileType = text.plist.xml; path = Info.plist; sourceTree = "<group>"; };
		7A8FB0B81D9F7F02009F31E5 /* zc_caipiaoTests.xctest */ = {isa = PBXFileReference; explicitFileType = wrapper.cfbundle; includeInIndex = 0; path = zc_caipiaoTests.xctest; sourceTree = BUILT_PRODUCTS_DIR; };
		7A8FB0BC1D9F7F02009F31E5 /* zc_caipiaoTests.m */ = {isa = PBXFileReference; lastKnownFileType = sourcecode.c.objc; path = zc_caipiaoTests.m; sourceTree = "<group>"; };
		7A8FB0BE1D9F7F02009F31E5 /* Info.plist */ = {isa = PBXFileReference; lastKnownFileType = text.plist.xml; path = Info.plist; sourceTree = "<group>"; };
		7A8FB0C31D9F7F02009F31E5 /* zc_caipiaoUITests.xctest */ = {isa = PBXFileReference; explicitFileType = wrapper.cfbundle; includeInIndex = 0; path = zc_caipiaoUITests.xctest; sourceTree = BUILT_PRODUCTS_DIR; };
		7A8FB0C71D9F7F02009F31E5 /* zc_caipiaoUITests.m */ = {isa = PBXFileReference; lastKnownFileType = sourcecode.c.objc; path = zc_caipiaoUITests.m; sourceTree = "<group>"; };
		7A8FB0C91D9F7F02009F31E5 /* Info.plist */ = {isa = PBXFileReference; lastKnownFileType = text.plist.xml; path = Info.plist; sourceTree = "<group>"; };
/* End PBXFileReference section */

/* Begin PBXFrameworksBuildPhase section */
		7A8FB09C1D9F7F02009F31E5 /* Frameworks */ = {
			isa = PBXFrameworksBuildPhase;
			buildActionMask = 2147483647;
			files = (
			);
			runOnlyForDeploymentPostprocessing = 0;
		};
		7A8FB0B51D9F7F02009F31E5 /* Frameworks */ = {
			isa = PBXFrameworksBuildPhase;
			buildActionMask = 2147483647;
			files = (
			);
			runOnlyForDeploymentPostprocessing = 0;
		};
		7A8FB0C01D9F7F02009F31E5 /* Frameworks */ = {
			isa = PBXFrameworksBuildPhase;
			buildActionMask = 2147483647;
			files = (
			);
			runOnlyForDeploymentPostprocessing = 0;
		};
/* End PBXFrameworksBuildPhase section */

/* Begin PBXGroup section */
		7A8FB0961D9F7F02009F31E5 = {
			isa = PBXGroup;
			children = (
				7A8FB0A11D9F7F02009F31E5 /* zc_caipiao */,
				7A8FB0BB1D9F7F02009F31E5 /* zc_caipiaoTests */,
				7A8FB0C61D9F7F02009F31E5 /* zc_caipiaoUITests */,
				7A8FB0A01D9F7F02009F31E5 /* Products */,
			);
			sourceTree = "<group>";
		};
		7A8FB0A01D9F7F02009F31E5 /* Products */ = {
			isa = PBXGroup;
			children = (
				7A8FB09F1D9F7F02009F31E5 /* zc_caipiao.app */,
				7A8FB0B81D9F7F02009F31E5 /* zc_caipiaoTests.xctest */,
				7A8FB0C31D9F7F02009F31E5 /* zc_caipiaoUITests.xctest */,
			);
			name = Products;
			sourceTree = "<group>";
		};
		7A8FB0A11D9F7F02009F31E5 /* zc_caipiao */ = {
			isa = PBXGroup;
			children = (
				7A8FB0A51D9F7F02009F31E5 /* AppDelegate.h */,
				7A8FB0A61D9F7F02009F31E5 /* AppDelegate.m */,
				7A8FB0A81D9F7F02009F31E5 /* ViewController.h */,
				7A8FB0A91D9F7F02009F31E5 /* ViewController.m */,
				7A8FB0AB1D9F7F02009F31E5 /* Main.storyboard */,
				7A8FB0AE1D9F7F02009F31E5 /* Assets.xcassets */,
				7A8FB0B01D9F7F02009F31E5 /* LaunchScreen.storyboard */,
				7A8FB0B31D9F7F02009F31E5 /* Info.plist */,
				7A8FB0A21D9F7F02009F31E5 /* Supporting Files */,
			);
			path = zc_caipiao;
			sourceTree = "<group>";
		};
		7A8FB0A21D9F7F02009F31E5 /* Supporting Files */ = {
			isa = PBXGroup;
			children = (
				7A8FB0A31D9F7F02009F31E5 /* main.m */,
			);
			name = "Supporting Files";
			sourceTree = "<group>";
		};
		7A8FB0BB1D9F7F02009F31E5 /* zc_caipiaoTests */ = {
			isa = PBXGroup;
			children = (
				7A8FB0BC1D9F7F02009F31E5 /* zc_caipiaoTests.m */,
				7A8FB0BE1D9F7F02009F31E5 /* Info.plist */,
			);
			path = zc_caipiaoTests;
			sourceTree = "<group>";
		};
		7A8FB0C61D9F7F02009F31E5 /* zc_caipiaoUITests */ = {
			isa = PBXGroup;
			children = (
				7A8FB0C71D9F7F02009F31E5 /* zc_caipiaoUITests.m */,
				7A8FB0C91D9F7F02009F31E5 /* Info.plist */,
			);
			path = zc_caipiaoUITests;
			sourceTree = "<group>";
		};
/* End PBXGroup section */

/* Begin PBXNativeTarget section */
		7A8FB09E1D9F7F02009F31E5 /* zc_caipiao */ = {
			isa = PBXNativeTarget;
			buildConfigurationList = 7A8FB0CC1D9F7F02009F31E5 /* Build configuration list for PBXNativeTarget "zc_caipiao" */;
			buildPhases = (
				7A8FB09B1D9F7F02009F31E5 /* Sources */,
				7A8FB09C1D9F7F02009F31E5 /* Frameworks */,
				7A8FB09D1D9F7F02009F31E5 /* Resources */,
			);
			buildRules = (
			);
			dependencies = (
			);
			name = zc_caipiao;
			productName = zc_caipiao;
			productReference = 7A8FB09F1D9F7F02009F31E5 /* zc_caipiao.app */;
			productType = "com.apple.product-type.application";
		};
		7A8FB0B71D9F7F02009F31E5 /* zc_caipiaoTests */ = {
			isa = PBXNativeTarget;
			buildConfigurationList = 7A8FB0CF1D9F7F02009F31E5 /* Build configuration list for PBXNativeTarget "zc_caipiaoTests" */;
			buildPhases = (
				7A8FB0B41D9F7F02009F31E5 /* Sources */,
				7A8FB0B51D9F7F02009F31E5 /* Frameworks */,
				7A8FB0B61D9F7F02009F31E5 /* Resources */,
			);
			buildRules = (
			);
			dependencies = (
				7A8FB0BA1D9F7F02009F31E5 /* PBXTargetDependency */,
			);
			name = zc_caipiaoTests;
			productName = zc_caipiaoTests;
			productReference = 7A8FB0B81D9F7F02009F31E5 /* zc_caipiaoTests.xctest */;
			productType = "com.apple.product-type.bundle.unit-test";
		};
		7A8FB0C21D9F7F02009F31E5 /* zc_caipiaoUITests */ = {
			isa = PBXNativeTarget;
			buildConfigurationList = 7A8FB0D21D9F7F02009F31E5 /* Build configuration list for PBXNativeTarget "zc_caipiaoUITests" */;
			buildPhases = (
				7A8FB0BF1D9F7F02009F31E5 /* Sources */,
				7A8FB0C01D9F7F02009F31E5 /* Frameworks */,
				7A8FB0C11D9F7F02009F31E5 /* Resources */,
			);
			buildRules = (
			);
			dependencies = (
				7A8FB0C51D9F7F02009F31E5 /* PBXTargetDependency */,
			);
			name = zc_caipiaoUITests;
			productName = zc_caipiaoUITests;
			productReference = 7A8FB0C31D9F7F02009F31E5 /* zc_caipiaoUITests.xctest */;
			productType = "com.apple.product-type.bundle.ui-testing";
		};
/* End PBXNativeTarget section */

/* Begin PBXProject section */
		7A8FB0971D9F7F02009F31E5 /* Project object */ = {
			isa = PBXProject;
			attributes = {
				LastUpgradeCheck = 0800;
				ORGANIZATIONNAME = zouchao;
				TargetAttributes = {
					7A8FB09E1D9F7F02009F31E5 = {
						CreatedOnToolsVersion = 8.0;
						ProvisioningStyle = Automatic;
					};
					7A8FB0B71D9F7F02009F31E5 = {
						CreatedOnToolsVersion = 8.0;
						ProvisioningStyle = Automatic;
						TestTargetID = 7A8FB09E1D9F7F02009F31E5;
					};
					7A8FB0C21D9F7F02009F31E5 = {
						CreatedOnToolsVersion = 8.0;
						ProvisioningStyle = Automatic;
						TestTargetID = 7A8FB09E1D9F7F02009F31E5;
					};
				};
			};
			buildConfigurationList = 7A8FB09A1D9F7F02009F31E5 /* Build configuration list for PBXProject "zc_caipiao" */;
			compatibilityVersion = "Xcode 3.2";
			developmentRegion = English;
			hasScannedForEncodings = 0;
			knownRegions = (
				en,
				Base,
			);
			mainGroup = 7A8FB0961D9F7F02009F31E5;
			productRefGroup = 7A8FB0A01D9F7F02009F31E5 /* Products */;
			projectDirPath = "";
			projectRoot = "";
			targets = (
				7A8FB09E1D9F7F02009F31E5 /* zc_caipiao */,
				7A8FB0B71D9F7F02009F31E5 /* zc_caipiaoTests */,
				7A8FB0C21D9F7F02009F31E5 /* zc_caipiaoUITests */,
			);
		};
/* End PBXProject section */

/* Begin PBXResourcesBuildPhase section */
		7A8FB09D1D9F7F02009F31E5 /* Resources */ = {
			isa = PBXResourcesBuildPhase;
			buildActionMask = 2147483647;
			files = (
				7A8FB0B21D9F7F02009F31E5 /* LaunchScreen.storyboard in Resources */,
				7A8FB0AF1D9F7F02009F31E5 /* Assets.xcassets in Resources */,
				7A8FB0AD1D9F7F02009F31E5 /* Main.storyboard in Resources */,
			);
			runOnlyForDeploymentPostprocessing = 0;
		};
		7A8FB0B61D9F7F02009F31E5 /* Resources */ = {
			isa = PBXResourcesBuildPhase;
			buildActionMask = 2147483647;
			files = (
			);
			runOnlyForDeploymentPostprocessing = 0;
		};
		7A8FB0C11D9F7F02009F31E5 /* Resources */ = {
			isa = PBXResourcesBuildPhase;
			buildActionMask = 2147483647;
			files = (
			);
			runOnlyForDeploymentPostprocessing = 0;
		};
/* End PBXResourcesBuildPhase section */

/* Begin PBXSourcesBuildPhase section */
		7A8FB09B1D9F7F02009F31E5 /* Sources */ = {
			isa = PBXSourcesBuildPhase;
			buildActionMask = 2147483647;
			files = (
				7A8FB0AA1D9F7F02009F31E5 /* ViewController.m in Sources */,
				7A8FB0A71D9F7F02009F31E5 /* AppDelegate.m in Sources */,
				7A8FB0A41D9F7F02009F31E5 /* main.m in Sources */,
			);
			runOnlyForDeploymentPostprocessing = 0;
		};
		7A8FB0B41D9F7F02009F31E5 /* Sources */ = {
			isa = PBXSourcesBuildPhase;
			buildActionMask = 2147483647;
			files = (
				7A8FB0BD1D9F7F02009F31E5 /* zc_caipiaoTests.m in Sources */,
			);
			runOnlyForDeploymentPostprocessing = 0;
		};
		7A8FB0BF1D9F7F02009F31E5 /* Sources */ = {
			isa = PBXSourcesBuildPhase;
			buildActionMask = 2147483647;
			files = (
				7A8FB0C81D9F7F02009F31E5 /* zc_caipiaoUITests.m in Sources */,
			);
			runOnlyForDeploymentPostprocessing = 0;
		};
/* End PBXSourcesBuildPhase section */

/* Begin PBXTargetDependency section */
		7A8FB0BA1D9F7F02009F31E5 /* PBXTargetDependency */ = {
			isa = PBXTargetDependency;
			target = 7A8FB09E1D9F7F02009F31E5 /* zc_caipiao */;
			targetProxy = 7A8FB0B91D9F7F02009F31E5 /* PBXContainerItemProxy */;
		};
		7A8FB0C51D9F7F02009F31E5 /* PBXTargetDependency */ = {
			isa = PBXTargetDependency;
			target = 7A8FB09E1D9F7F02009F31E5 /* zc_caipiao */;
			targetProxy = 7A8FB0C41D9F7F02009F31E5 /* PBXContainerItemProxy */;
		};
/* End PBXTargetDependency section */

/* Begin PBXVariantGroup section */
		7A8FB0AB1D9F7F02009F31E5 /* Main.storyboard */ = {
			isa = PBXVariantGroup;
			children = (
				7A8FB0AC1D9F7F02009F31E5 /* Base */,
			);
			name = Main.storyboard;
			sourceTree = "<group>";
		};
		7A8FB0B01D9F7F02009F31E5 /* LaunchScreen.storyboard */ = {
			isa = PBXVariantGroup;
			children = (
				7A8FB0B11D9F7F02009F31E5 /* Base */,
			);
			name = LaunchScreen.storyboard;
			sourceTree = "<group>";
		};
/* End PBXVariantGroup section */

/* Begin XCBuildConfiguration section */
		7A8FB0CA1D9F7F02009F31E5 /* Debug */ = {
			isa = XCBuildConfiguration;
			buildSettings = {
				ALWAYS_SEARCH_USER_PATHS = NO;
				CLANG_ANALYZER_NONNULL = YES;
				CLANG_CXX_LANGUAGE_STANDARD = "gnu++0x";
				CLANG_CXX_LIBRARY = "libc++";
				CLANG_ENABLE_MODULES = YES;
				CLANG_ENABLE_OBJC_ARC = YES;
				CLANG_WARN_BOOL_CONVERSION = YES;
				CLANG_WARN_CONSTANT_CONVERSION = YES;
				CLANG_WARN_DIRECT_OBJC_ISA_USAGE = YES_ERROR;
				CLANG_WARN_DOCUMENTATION_COMMENTS = YES;
				CLANG_WARN_EMPTY_BODY = YES;
				CLANG_WARN_ENUM_CONVERSION = YES;
				CLANG_WARN_INFINITE_RECURSION = YES;
				CLANG_WARN_INT_CONVERSION = YES;
				CLANG_WARN_OBJC_ROOT_CLASS = YES_ERROR;
				CLANG_WARN_SUSPICIOUS_MOVES = YES;
				CLANG_WARN_UNREACHABLE_CODE = YES;
				CLANG_WARN__DUPLICATE_METHOD_MATCH = YES;
				"CODE_SIGN_IDENTITY[sdk=iphoneos*]" = "iPhone Developer";
				COPY_PHASE_STRIP = NO;
				DEBUG_INFORMATION_FORMAT = dwarf;
				ENABLE_STRICT_OBJC_MSGSEND = YES;
				ENABLE_TESTABILITY = YES;
				GCC_C_LANGUAGE_STANDARD = gnu99;
				GCC_DYNAMIC_NO_PIC = NO;
				GCC_NO_COMMON_BLOCKS = YES;
				GCC_OPTIMIZATION_LEVEL = 0;
				GCC_PREPROCESSOR_DEFINITIONS = (
					"DEBUG=1",
					"$(inherited)",
				);
				GCC_WARN_64_TO_32_BIT_CONVERSION = YES;
				GCC_WARN_ABOUT_RETURN_TYPE = YES_ERROR;
				GCC_WARN_UNDECLARED_SELECTOR = YES;
				GCC_WARN_UNINITIALIZED_AUTOS = YES_AGGRESSIVE;
				GCC_WARN_UNUSED_FUNCTION = YES;
				GCC_WARN_UNUSED_VARIABLE = YES;
				IPHONEOS_DEPLOYMENT_TARGET = 10.0;
				MTL_ENABLE_DEBUG_INFO = YES;
				ONLY_ACTIVE_ARCH = YES;
				SDKROOT = iphoneos;
				TARGETED_DEVICE_FAMILY = "1,2";
			};
			name = Debug;
		};
		7A8FB0CB1D9F7F02009F31E5 /* Release */ = {
			isa = XCBuildConfiguration;
			buildSettings = {
				ALWAYS_SEARCH_USER_PATHS = NO;
				CLANG_ANALYZER_NONNULL = YES;
				CLANG_CXX_LANGUAGE_STANDARD = "gnu++0x";
				CLANG_CXX_LIBRARY = "libc++";
				CLANG_ENABLE_MODULES = YES;
				CLANG_ENABLE_OBJC_ARC = YES;
				CLANG_WARN_BOOL_CONVERSION = YES;
				CLANG_WARN_CONSTANT_CONVERSION = YES;
				CLANG_WARN_DIRECT_OBJC_ISA_USAGE = YES_ERROR;
				CLANG_WARN_DOCUMENTATION_COMMENTS = YES;
				CLANG_WARN_EMPTY_BODY = YES;
				CLANG_WARN_ENUM_CONVERSION = YES;
				CLANG_WARN_INFINITE_RECURSION = YES;
				CLANG_WARN_INT_CONVERSION = YES;
				CLANG_WARN_OBJC_ROOT_CLASS = YES_ERROR;
				CLANG_WARN_SUSPICIOUS_MOVES = YES;
				CLANG_WARN_UNREACHABLE_CODE = YES;
				CLANG_WARN__DUPLICATE_METHOD_MATCH = YES;
				"CODE_SIGN_IDENTITY[sdk=iphoneos*]" = "iPhone Developer";
				COPY_PHASE_STRIP = NO;
				DEBUG_INFORMATION_FORMAT = "dwarf-with-dsym";
				ENABLE_NS_ASSERTIONS = NO;
				ENABLE_STRICT_OBJC_MSGSEND = YES;
				GCC_C_LANGUAGE_STANDARD = gnu99;
				GCC_NO_COMMON_BLOCKS = YES;
				GCC_WARN_64_TO_32_BIT_CONVERSION = YES;
				GCC_WARN_ABOUT_RETURN_TYPE = YES_ERROR;
				GCC_WARN_UNDECLARED_SELECTOR = YES;
				GCC_WARN_UNINITIALIZED_AUTOS = YES_AGGRESSIVE;
				GCC_WARN_UNUSED_FUNCTION = YES;
				GCC_WARN_UNUSED_VARIABLE = YES;
				IPHONEOS_DEPLOYMENT_TARGET = 10.0;
				MTL_ENABLE_DEBUG_INFO = NO;
				SDKROOT = iphoneos;
				TARGETED_DEVICE_FAMILY = "1,2";
				VALIDATE_PRODUCT = YES;
			};
			name = Release;
		};
		7A8FB0CD1D9F7F02009F31E5 /* Debug */ = {
			isa = XCBuildConfiguration;
			buildSettings = {
				ASSETCATALOG_COMPILER_APPICON_NAME = AppIcon;
				INFOPLIST_FILE = zc_caipiao/Info.plist;
				LD_RUNPATH_SEARCH_PATHS = "$(inherited) @executable_path/Frameworks";
				PRODUCT_BUNDLE_IDENTIFIER = "com.zouchao.zc-caipiao";
				PRODUCT_NAME = "$(TARGET_NAME)";
			};
			name = Debug;
		};
		7A8FB0CE1D9F7F02009F31E5 /* Release */ = {
			isa = XCBuildConfiguration;
			buildSettings = {
				ASSETCATALOG_COMPILER_APPICON_NAME = AppIcon;
				INFOPLIST_FILE = zc_caipiao/Info.plist;
				LD_RUNPATH_SEARCH_PATHS = "$(inherited) @executable_path/Frameworks";
				PRODUCT_BUNDLE_IDENTIFIER = "com.zouchao.zc-caipiao";
				PRODUCT_NAME = "$(TARGET_NAME)";
			};
			name = Release;
		};
		7A8FB0D01D9F7F02009F31E5 /* Debug */ = {
			isa = XCBuildConfiguration;
			buildSettings = {
				BUNDLE_LOADER = "$(TEST_HOST)";
				INFOPLIST_FILE = zc_caipiaoTests/Info.plist;
				LD_RUNPATH_SEARCH_PATHS = "$(inherited) @executable_path/Frameworks @loader_path/Frameworks";
				PRODUCT_BUNDLE_IDENTIFIER = "com.zouchao.zc-caipiaoTests";
				PRODUCT_NAME = "$(TARGET_NAME)";
				TEST_HOST = "$(BUILT_PRODUCTS_DIR)/zc_caipiao.app/zc_caipiao";
			};
			name = Debug;
		};
		7A8FB0D11D9F7F02009F31E5 /* Release */ = {
			isa = XCBuildConfiguration;
			buildSettings = {
				BUNDLE_LOADER = "$(TEST_HOST)";
				INFOPLIST_FILE = zc_caipiaoTests/Info.plist;
				LD_RUNPATH_SEARCH_PATHS = "$(inherited) @executable_path/Frameworks @loader_path/Frameworks";
				PRODUCT_BUNDLE_IDENTIFIER = "com.zouchao.zc-caipiaoTests";
				PRODUCT_NAME = "$(TARGET_NAME)";
				TEST_HOST = "$(BUILT_PRODUCTS_DIR)/zc_caipiao.app/zc_caipiao";
			};
			name = Release;
		};
		7A8FB0D31D9F7F02009F31E5 /* Debug */ = {
			isa = XCBuildConfiguration;
			buildSettings = {
				INFOPLIST_FILE = zc_caipiaoUITests/Info.plist;
				LD_RUNPATH_SEARCH_PATHS = "$(inherited) @executable_path/Frameworks @loader_path/Frameworks";
				PRODUCT_BUNDLE_IDENTIFIER = "com.zouchao.zc-caipiaoUITests";
				PRODUCT_NAME = "$(TARGET_NAME)";
				TEST_TARGET_NAME = zc_caipiao;
			};
			name = Debug;
		};
		7A8FB0D41D9F7F02009F31E5 /* Release */ = {
			isa = XCBuildConfiguration;
			buildSettings = {
				INFOPLIST_FILE = zc_caipiaoUITests/Info.plist;
				LD_RUNPATH_SEARCH_PATHS = "$(inherited) @executable_path/Frameworks @loader_path/Frameworks";
				PRODUCT_BUNDLE_IDENTIFIER = "com.zouchao.zc-caipiaoUITests";
				PRODUCT_NAME = "$(TARGET_NAME)";
				TEST_TARGET_NAME = zc_caipiao;
			};
			name = Release;
		};
/* End XCBuildConfiguration section */

/* Begin XCConfigurationList section */
		7A8FB09A1D9F7F02009F31E5 /* Build configuration list for PBXProject "zc_caipiao" */ = {
			isa = XCConfigurationList;
			buildConfigurations = (
				7A8FB0CA1D9F7F02009F31E5 /* Debug */,
				7A8FB0CB1D9F7F02009F31E5 /* Release */,
			);
			defaultConfigurationIsVisible = 0;
			defaultConfigurationName = Release;
		};
		7A8FB0CC1D9F7F02009F31E5 /* Build configuration list for PBXNativeTarget "zc_caipiao" */ = {
			isa = XCConfigurationList;
			buildConfigurations = (
				7A8FB0CD1D9F7F02009F31E5 /* Debug */,
				7A8FB0CE1D9F7F02009F31E5 /* Release */,
			);
			defaultConfigurationIsVisible = 0;
		};
		7A8FB0CF1D9F7F02009F31E5 /* Build configuration list for PBXNativeTarget "zc_caipiaoTests" */ = {
			isa = XCConfigurationList;
			buildConfigurations = (
				7A8FB0D01D9F7F02009F31E5 /* Debug */,
				7A8FB0D11D9F7F02009F31E5 /* Release */,
			);
			defaultConfigurationIsVisible = 0;
		};
		7A8FB0D21D9F7F02009F31E5 /* Build configuration list for PBXNativeTarget "zc_caipiaoUITests" */ = {
			isa = XCConfigurationList;
			buildConfigurations = (
				7A8FB0D31D9F7F02009F31E5 /* Debug */,
				7A8FB0D41D9F7F02009F31E5 /* Release */,
			);
			defaultConfigurationIsVisible = 0;
		};
/* End XCConfigurationList section */
	};
	rootObject = 7A8FB0971D9F7F02009F31E5 /* Project object */;
}
